
Microsoft Visual Studio Solution File, Format Version 12.00
# Visual Studio Version 17
VisualStudioVersion = 17.2.32516.85
MinimumVisualStudioVersion = 10.0.40219.1
Project("{FAE04EC0-301F-11D3-BF4B-00C04F79EFBC}") = "AdventureGame", "AdventureGame\AdventureGame.csproj", "{46C5CA78-0056-4D69-B4A6-6D0B63423E3B}"
EndProject
Global
	GlobalSection(SolutionConfigurationPlatforms) = preSolution
		Debug|Any CPU = Debug|Any CPU
		Release|Any CPU = Release|Any CPU
	EndGlobalSection
	GlobalSection(ProjectConfigurationPlatforms) = postSolution
		{46C5CA78-0056-4D69-B4A6-6D0B63423E3B}.Debug|Any CPU.ActiveCfg = Debug|Any CPU
		{46C5CA78-0056-4D69-B4A6-6D0B63423E3B}.Debug|Any CPU.Build.0 = Debug|Any CPU
		{46C5CA78-0056-4D69-B4A6-6D0B63423E3B}.Release|Any CPU.ActiveCfg = Release|Any CPU
		{46C5CA78-0056-4D69-B4A6-6D0B63423E3B}.Release|Any CPU.Build.0 = Release|Any CPU
	EndGlobalSection
	GlobalSection(SolutionProperties) = preSolution
		HideSolutionNode = FALSE
	EndGlobalSection
	GlobalSection(ExtensibilityGlobals) = postSolution
		SolutionGuid = {39793551-2ECA-47D4-A049-8E6FCB0370BF}
	EndGlobalSection
EndGlobal
